// !$*UTF8*$!
{
	archiveVersion = 1;
	classes = {
	};
	objectVersion = 46;
	objects = {

/* Begin PBXBuildFile section */
		76F252A61F30845900D31A57 /* AppDelegate.swift in Sources */ = {isa = PBXBuildFile; fileRef = 76F252A51F30845900D31A57 /* AppDelegate.swift */; };
		76F252A81F30845900D31A57 /* ViewController.swift in Sources */ = {isa = PBXBuildFile; fileRef = 76F252A71F30845900D31A57 /* ViewController.swift */; };
		76F252AB1F30845900D31A57 /* Main.storyboard in Resources */ = {isa = PBXBuildFile; fileRef = 76F252A91F30845900D31A57 /* Main.storyboard */; };
		76F252AE1F30845900D31A57 /* HellooooWorld.xcdatamodeld in Sources */ = {isa = PBXBuildFile; fileRef = 76F252AC1F30845900D31A57 /* HellooooWorld.xcdatamodeld */; };
		76F252B01F30845900D31A57 /* Assets.xcassets in Resources */ = {isa = PBXBuildFile; fileRef = 76F252AF1F30845900D31A57 /* Assets.xcassets */; };
		76F252B31F30845900D31A57 /* LaunchScreen.storyboard in Resources */ = {isa = PBXBuildFile; fileRef = 76F252B11F30845900D31A57 /* LaunchScreen.storyboard */; };
		76F252BE1F30845A00D31A57 /* HellooooWorldTests.swift in Sources */ = {isa = PBXBuildFile; fileRef = 76F252BD1F30845A00D31A57 /* HellooooWorldTests.swift */; };
		76F252C91F30845A00D31A57 /* HellooooWorldUITests.swift in Sources */ = {isa = PBXBuildFile; fileRef = 76F252C81F30845A00D31A57 /* HellooooWorldUITests.swift */; };
/* End PBXBuildFile section */

/* Begin PBXContainerItemProxy section */
		76F252BA1F30845A00D31A57 /* PBXContainerItemProxy */ = {
			isa = PBXContainerItemProxy;
			containerPortal = 76F2529A1F30845900D31A57 /* Project object */;
			proxyType = 1;
			remoteGlobalIDString = 76F252A11F30845900D31A57;
			remoteInfo = HellooooWorld;
		};
		76F252C51F30845A00D31A57 /* PBXContainerItemProxy */ = {
			isa = PBXContainerItemProxy;
			containerPortal = 76F2529A1F30845900D31A57 /* Project object */;
			proxyType = 1;
			remoteGlobalIDString = 76F252A11F30845900D31A57;
			remoteInfo = HellooooWorld;
		};
/* End PBXContainerItemProxy section */

/* Begin PBXFileReference section */
		76F252A21F30845900D31A57 /* HellooooWorld.app */ = {isa = PBXFileReference; explicitFileType = wrapper.application; includeInIndex = 0; path = HellooooWorld.app; sourceTree = BUILT_PRODUCTS_DIR; };
		76F252A51F30845900D31A57 /* AppDelegate.swift */ = {isa = PBXFileReference; lastKnownFileType = sourcecode.swift; path = AppDelegate.swift; sourceTree = "<group>"; };
		76F252A71F30845900D31A57 /* ViewController.swift */ = {isa = PBXFileReference; lastKnownFileType = sourcecode.swift; path = ViewController.swift; sourceTree = "<group>"; };
		76F252AA1F30845900D31A57 /* Base */ = {isa = PBXFileReference; lastKnownFileType = file.storyboard; name = Base; path = Base.lproj/Main.storyboard; sourceTree = "<group>"; };
		76F252AD1F30845900D31A57 /* HellooooWorld.xcdatamodel */ = {isa = PBXFileReference; lastKnownFileType = wrapper.xcdatamodel; path = HellooooWorld.xcdatamodel; sourceTree = "<group>"; };
		76F252AF1F30845900D31A57 /* Assets.xcassets */ = {isa = PBXFileReference; lastKnownFileType = folder.assetcatalog; path = Assets.xcassets; sourceTree = "<group>"; };
		76F252B21F30845900D31A57 /* Base */ = {isa = PBXFileReference; lastKnownFileType = file.storyboard; name = Base; path = Base.lproj/LaunchScreen.storyboard; sourceTree = "<group>"; };
		76F252B41F30845900D31A57 /* Info.plist */ = {isa = PBXFileReference; lastKnownFileType = text.plist.xml; path = Info.plist; sourceTree = "<group>"; };
		76F252B91F30845A00D31A57 /* HellooooWorldTests.xctest */ = {isa = PBXFileReference; explicitFileType = wrapper.cfbundle; includeInIndex = 0; path = HellooooWorldTests.xctest; sourceTree = BUILT_PRODUCTS_DIR; };
		76F252BD1F30845A00D31A57 /* HellooooWorldTests.swift */ = {isa = PBXFileReference; lastKnownFileType = sourcecode.swift; path = HellooooWorldTests.swift; sourceTree = "<group>"; };
		76F252BF1F30845A00D31A57 /* Info.plist */ = {isa = PBXFileReference; lastKnownFileType = text.plist.xml; path = Info.plist; sourceTree = "<group>"; };
		76F252C41F30845A00D31A57 /* HellooooWorldUITests.xctest */ = {isa = PBXFileReference; explicitFileType = wrapper.cfbundle; includeInIndex = 0; path = HellooooWorldUITests.xctest; sourceTree = BUILT_PRODUCTS_DIR; };
		76F252C81F30845A00D31A57 /* HellooooWorldUITests.swift */ = {isa = PBXFileReference; lastKnownFileType = sourcecode.swift; path = HellooooWorldUITests.swift; sourceTree = "<group>"; };
		76F252CA1F30845A00D31A57 /* Info.plist */ = {isa = PBXFileReference; lastKnownFileType = text.plist.xml; path = Info.plist; sourceTree = "<group>"; };
/* End PBXFileReference section */

/* Begin PBXFrameworksBuildPhase section */
		76F2529F1F30845900D31A57 /* Frameworks */ = {
			isa = PBXFrameworksBuildPhase;
			buildActionMask = 2147483647;
			files = (
			);
			runOnlyForDeploymentPostprocessing = 0;
		};
		76F252B61F30845A00D31A57 /* Frameworks */ = {
			isa = PBXFrameworksBuildPhase;
			buildActionMask = 2147483647;
			files = (
			);
			runOnlyForDeploymentPostprocessing = 0;
		};
		76F252C11F30845A00D31A57 /* Frameworks */ = {
			isa = PBXFrameworksBuildPhase;
			buildActionMask = 2147483647;
			files = (
			);
			runOnlyForDeploymentPostprocessing = 0;
		};
/* End PBXFrameworksBuildPhase section */

/* Begin PBXGroup section */
		76F252991F30845900D31A57 = {
			isa = PBXGroup;
			children = (
				76F252A41F30845900D31A57 /* HellooooWorld */,
				76F252BC1F30845A00D31A57 /* HellooooWorldTests */,
				76F252C71F30845A00D31A57 /* HellooooWorldUITests */,
				76F252A31F30845900D31A57 /* Products */,
			);
			sourceTree = "<group>";
		};
		76F252A31F30845900D31A57 /* Products */ = {
			isa = PBXGroup;
			children = (
				76F252A21F30845900D31A57 /* HellooooWorld.app */,
				76F252B91F30845A00D31A57 /* HellooooWorldTests.xctest */,
				76F252C41F30845A00D31A57 /* HellooooWorldUITests.xctest */,
			);
			name = Products;
			sourceTree = "<group>";
		};
		76F252A41F30845900D31A57 /* HellooooWorld */ = {
			isa = PBXGroup;
			children = (
				76F252A51F30845900D31A57 /* AppDelegate.swift */,
				76F252A71F30845900D31A57 /* ViewController.swift */,
				76F252A91F30845900D31A57 /* Main.storyboard */,
				76F252AF1F30845900D31A57 /* Assets.xcassets */,
				76F252B11F30845900D31A57 /* LaunchScreen.storyboard */,
				76F252B41F30845900D31A57 /* Info.plist */,
				76F252AC1F30845900D31A57 /* HellooooWorld.xcdatamodeld */,
			);
			path = HellooooWorld;
			sourceTree = "<group>";
		};
		76F252BC1F30845A00D31A57 /* HellooooWorldTests */ = {
			isa = PBXGroup;
			children = (
				76F252BD1F30845A00D31A57 /* HellooooWorldTests.swift */,
				76F252BF1F30845A00D31A57 /* Info.plist */,
			);
			path = HellooooWorldTests;
			sourceTree = "<group>";
		};
		76F252C71F30845A00D31A57 /* HellooooWorldUITests */ = {
			isa = PBXGroup;
			children = (
				76F252C81F30845A00D31A57 /* HellooooWorldUITests.swift */,
				76F252CA1F30845A00D31A57 /* Info.plist */,
			);
			path = HellooooWorldUITests;
			sourceTree = "<group>";
		};
/* End PBXGroup section */

/* Begin PBXNativeTarget section */
		76F252A11F30845900D31A57 /* HellooooWorld */ = {
			isa = PBXNativeTarget;
			buildConfigurationList = 76F252CD1F30845A00D31A57 /* Build configuration list for PBXNativeTarget "HellooooWorld" */;
			buildPhases = (
				76F2529E1F30845900D31A57 /* Sources */,
				76F2529F1F30845900D31A57 /* Frameworks */,
				76F252A01F30845900D31A57 /* Resources */,
			);
			buildRules = (
			);
			dependencies = (
			);
			name = HellooooWorld;
			productName = HellooooWorld;
			productReference = 76F252A21F30845900D31A57 /* HellooooWorld.app */;
			productType = "com.apple.product-type.application";
		};
		76F252B81F30845A00D31A57 /* HellooooWorldTests */ = {
			isa = PBXNativeTarget;
			buildConfigurationList = 76F252D01F30845A00D31A57 /* Build configuration list for PBXNativeTarget "HellooooWorldTests" */;
			buildPhases = (
				76F252B51F30845A00D31A57 /* Sources */,
				76F252B61F30845A00D31A57 /* Frameworks */,
				76F252B71F30845A00D31A57 /* Resources */,
			);
			buildRules = (
			);
			dependencies = (
				76F252BB1F30845A00D31A57 /* PBXTargetDependency */,
			);
			name = HellooooWorldTests;
			productName = HellooooWorldTests;
			productReference = 76F252B91F30845A00D31A57 /* HellooooWorldTests.xctest */;
			productType = "com.apple.product-type.bundle.unit-test";
		};
		76F252C31F30845A00D31A57 /* HellooooWorldUITests */ = {
			isa = PBXNativeTarget;
			buildConfigurationList = 76F252D31F30845A00D31A57 /* Build configuration list for PBXNativeTarget "HellooooWorldUITests" */;
			buildPhases = (
				76F252C01F30845A00D31A57 /* Sources */,
				76F252C11F30845A00D31A57 /* Frameworks */,
				76F252C21F30845A00D31A57 /* Resources */,
			);
			buildRules = (
			);
			dependencies = (
				76F252C61F30845A00D31A57 /* PBXTargetDependency */,
			);
			name = HellooooWorldUITests;
			productName = HellooooWorldUITests;
			productReference = 76F252C41F30845A00D31A57 /* HellooooWorldUITests.xctest */;
			productType = "com.apple.product-type.bundle.ui-testing";
		};
/* End PBXNativeTarget section */

/* Begin PBXProject section */
		76F2529A1F30845900D31A57 /* Project object */ = {
			isa = PBXProject;
			attributes = {
				LastSwiftUpdateCheck = 0830;
				LastUpgradeCheck = 0830;
				ORGANIZATIONNAME = Cookie;
				TargetAttributes = {
					76F252A11F30845900D31A57 = {
						CreatedOnToolsVersion = 8.3;
						DevelopmentTeam = VB3227H635;
						ProvisioningStyle = Automatic;
					};
					76F252B81F30845A00D31A57 = {
						CreatedOnToolsVersion = 8.3;
						DevelopmentTeam = VB3227H635;
						ProvisioningStyle = Automatic;
						TestTargetID = 76F252A11F30845900D31A57;
					};
					76F252C31F30845A00D31A57 = {
						CreatedOnToolsVersion = 8.3;
						DevelopmentTeam = VB3227H635;
						ProvisioningStyle = Automatic;
						TestTargetID = 76F252A11F30845900D31A57;
					};
				};
			};
			buildConfigurationList = 76F2529D1F30845900D31A57 /* Build configuration list for PBXProject "HellooooWorld" */;
			compatibilityVersion = "Xcode 3.2";
			developmentRegion = English;
			hasScannedForEncodings = 0;
			knownRegions = (
				en,
				Base,
			);
			mainGroup = 76F252991F30845900D31A57;
			productRefGroup = 76F252A31F30845900D31A57 /* Products */;
			projectDirPath = "";
			projectRoot = "";
			targets = (
				76F252A11F30845900D31A57 /* HellooooWorld */,
				76F252B81F30845A00D31A57 /* HellooooWorldTests */,
				76F252C31F30845A00D31A57 /* HellooooWorldUITests */,
			);
		};
/* End PBXProject section */

/* Begin PBXResourcesBuildPhase section */
		76F252A01F30845900D31A57 /* Resources */ = {
			isa = PBXResourcesBuildPhase;
			buildActionMask = 2147483647;
			files = (
				76F252B31F30845900D31A57 /* LaunchScreen.storyboard in Resources */,
				76F252B01F30845900D31A57 /* Assets.xcassets in Resources */,
				76F252AB1F30845900D31A57 /* Main.storyboard in Resources */,
			);
			runOnlyForDeploymentPostprocessing = 0;
		};
		76F252B71F30845A00D31A57 /* Resources */ = {
			isa = PBXResourcesBuildPhase;
			buildActionMask = 2147483647;
			files = (
			);
			runOnlyForDeploymentPostprocessing = 0;
		};
		76F252C21F30845A00D31A57 /* Resources */ = {
			isa = PBXResourcesBuildPhase;
			buildActionMask = 2147483647;
			files = (
			);
			runOnlyForDeploymentPostprocessing = 0;
		};
/* End PBXResourcesBuildPhase section */

/* Begin PBXSourcesBuildPhase section */
		76F2529E1F30845900D31A57 /* Sources */ = {
			isa = PBXSourcesBuildPhase;
			buildActionMask = 2147483647;
			files = (
				76F252AE1F30845900D31A57 /* HellooooWorld.xcdatamodeld in Sources */,
				76F252A81F30845900D31A57 /* ViewController.swift in Sources */,
				76F252A61F30845900D31A57 /* AppDelegate.swift in Sources */,
			);
			runOnlyForDeploymentPostprocessing = 0;
		};
		76F252B51F30845A00D31A57 /* Sources */ = {
			isa = PBXSourcesBuildPhase;
			buildActionMask = 2147483647;
			files = (
				76F252BE1F30845A00D31A57 /* HellooooWorldTests.swift in Sources */,
			);
			runOnlyForDeploymentPostprocessing = 0;
		};
		76F252C01F30845A00D31A57 /* Sources */ = {
			isa = PBXSourcesBuildPhase;
			buildActionMask = 2147483647;
			files = (
				76F252C91F30845A00D31A57 /* HellooooWorldUITests.swift in Sources */,
			);
			runOnlyForDeploymentPostprocessing = 0;
		};
/* End PBXSourcesBuildPhase section */

/* Begin PBXTargetDependency section */
		76F252BB1F30845A00D31A57 /* PBXTargetDependency */ = {
			isa = PBXTargetDependency;
			target = 76F252A11F30845900D31A57 /* HellooooWorld */;
			targetProxy = 76F252BA1F30845A00D31A57 /* PBXContainerItemProxy */;
		};
		76F252C61F30845A00D31A57 /* PBXTargetDependency */ = {
			isa = PBXTargetDependency;
			target = 76F252A11F30845900D31A57 /* HellooooWorld */;
			targetProxy = 76F252C51F30845A00D31A57 /* PBXContainerItemProxy */;
		};
/* End PBXTargetDependency section */

/* Begin PBXVariantGroup section */
		76F252A91F30845900D31A57 /* Main.storyboard */ = {
			isa = PBXVariantGroup;
			children = (
				76F252AA1F30845900D31A57 /* Base */,
			);
			name = Main.storyboard;
			sourceTree = "<group>";
		};
		76F252B11F30845900D31A57 /* LaunchScreen.storyboard */ = {
			isa = PBXVariantGroup;
			children = (
				76F252B21F30845900D31A57 /* Base */,
			);
			name = LaunchScreen.storyboard;
			sourceTree = "<group>";
		};
/* End PBXVariantGroup section */

/* Begin XCBuildConfiguration section */
		76F252CB1F30845A00D31A57 /* Debug */ = {
			isa = XCBuildConfiguration;
			buildSettings = {
				ALWAYS_SEARCH_USER_PATHS = NO;
				CLANG_ANALYZER_NONNULL = YES;
				CLANG_ANALYZER_NUMBER_OBJECT_CONVERSION = YES_AGGRESSIVE;
				CLANG_CXX_LANGUAGE_STANDARD = "gnu++0x";
				CLANG_CXX_LIBRARY = "libc++";
				CLANG_ENABLE_MODULES = YES;
				CLANG_ENABLE_OBJC_ARC = YES;
				CLANG_WARN_BOOL_CONVERSION = YES;
				CLANG_WARN_CONSTANT_CONVERSION = YES;
				CLANG_WARN_DIRECT_OBJC_ISA_USAGE = YES_ERROR;
				CLANG_WARN_DOCUMENTATION_COMMENTS = YES;
				CLANG_WARN_EMPTY_BODY = YES;
				CLANG_WARN_ENUM_CONVERSION = YES;
				CLANG_WARN_INFINITE_RECURSION = YES;
				CLANG_WARN_INT_CONVERSION = YES;
				CLANG_WARN_OBJC_ROOT_CLASS = YES_ERROR;
				CLANG_WARN_SUSPICIOUS_MOVE = YES;
				CLANG_WARN_UNREACHABLE_CODE = YES;
				CLANG_WARN__DUPLICATE_METHOD_MATCH = YES;
				"CODE_SIGN_IDENTITY[sdk=iphoneos*]" = "iPhone Developer";
				COPY_PHASE_STRIP = NO;
				DEBUG_INFORMATION_FORMAT = dwarf;
				ENABLE_STRICT_OBJC_MSGSEND = YES;
				ENABLE_TESTABILITY = YES;
				GCC_C_LANGUAGE_STANDARD = gnu99;
				GCC_DYNAMIC_NO_PIC = NO;
				GCC_NO_COMMON_BLOCKS = YES;
				GCC_OPTIMIZATION_LEVEL = 0;
				GCC_PREPROCESSOR_DEFINITIONS = (
					"DEBUG=1",
					"$(inherited)",
				);
				GCC_WARN_64_TO_32_BIT_CONVERSION = YES;
				GCC_WARN_ABOUT_RETURN_TYPE = YES_ERROR;
				GCC_WARN_UNDECLARED_SELECTOR = YES;
				GCC_WARN_UNINITIALIZED_AUTOS = YES_AGGRESSIVE;
				GCC_WARN_UNUSED_FUNCTION = YES;
				GCC_WARN_UNUSED_VARIABLE = YES;
				IPHONEOS_DEPLOYMENT_TARGET = 10.3;
				MTL_ENABLE_DEBUG_INFO = YES;
				ONLY_ACTIVE_ARCH = YES;
				SDKROOT = iphoneos;
				SWIFT_ACTIVE_COMPILATION_CONDITIONS = DEBUG;
				SWIFT_OPTIMIZATION_LEVEL = "-Onone";
			};
			name = Debug;
		};
		76F252CC1F30845A00D31A57 /* Release */ = {
			isa = XCBuildConfiguration;
			buildSettings = {
				ALWAYS_SEARCH_USER_PATHS = NO;
				CLANG_ANALYZER_NONNULL = YES;
				CLANG_ANALYZER_NUMBER_OBJECT_CONVERSION = YES_AGGRESSIVE;
				CLANG_CXX_LANGUAGE_STANDARD = "gnu++0x";
				CLANG_CXX_LIBRARY = "libc++";
				CLANG_ENABLE_MODULES = YES;
				CLANG_ENABLE_OBJC_ARC = YES;
				CLANG_WARN_BOOL_CONVERSION = YES;
				CLANG_WARN_CONSTANT_CONVERSION = YES;
				CLANG_WARN_DIRECT_OBJC_ISA_USAGE = YES_ERROR;
				CLANG_WARN_DOCUMENTATION_COMMENTS = YES;
				CLANG_WARN_EMPTY_BODY = YES;
				CLANG_WARN_ENUM_CONVERSION = YES;
				CLANG_WARN_INFINITE_RECURSION = YES;
				CLANG_WARN_INT_CONVERSION = YES;
				CLANG_WARN_OBJC_ROOT_CLASS = YES_ERROR;
				CLANG_WARN_SUSPICIOUS_MOVE = YES;
				CLANG_WARN_UNREACHABLE_CODE = YES;
				CLANG_WARN__DUPLICATE_METHOD_MATCH = YES;
				"CODE_SIGN_IDENTITY[sdk=iphoneos*]" = "iPhone Developer";
				COPY_PHASE_STRIP = NO;
				DEBUG_INFORMATION_FORMAT = "dwarf-with-dsym";
				ENABLE_NS_ASSERTIONS = NO;
				ENABLE_STRICT_OBJC_MSGSEND = YES;
				GCC_C_LANGUAGE_STANDARD = gnu99;
				GCC_NO_COMMON_BLOCKS = YES;
				GCC_WARN_64_TO_32_BIT_CONVERSION = YES;
				GCC_WARN_ABOUT_RETURN_TYPE = YES_ERROR;
				GCC_WARN_UNDECLARED_SELECTOR = YES;
				GCC_WARN_UNINITIALIZED_AUTOS = YES_AGGRESSIVE;
				GCC_WARN_UNUSED_FUNCTION = YES;
				GCC_WARN_UNUSED_VARIABLE = YES;
				IPHONEOS_DEPLOYMENT_TARGET = 10.3;
				MTL_ENABLE_DEBUG_INFO = NO;
				SDKROOT = iphoneos;
				SWIFT_OPTIMIZATION_LEVEL = "-Owholemodule";
				VALIDATE_PRODUCT = YES;
			};
			name = Release;
		};
		76F252CE1F30845A00D31A57 /* Debug */ = {
			isa = XCBuildConfiguration;
			buildSettings = {
				ASSETCATALOG_COMPILER_APPICON_NAME = AppIcon;
				DEVELOPMENT_TEAM = VB3227H635;
				INFOPLIST_FILE = HellooooWorld/Info.plist;
				IPHONEOS_DEPLOYMENT_TARGET = 10.3;
				LD_RUNPATH_SEARCH_PATHS = "$(inherited) @executable_path/Frameworks";
				PRODUCT_BUNDLE_IDENTIFIER = GC.HellooooWorld;
				PRODUCT_NAME = "$(TARGET_NAME)";
				SWIFT_VERSION = 3.0;
				TARGETED_DEVICE_FAMILY = "1,2";
			};
			name = Debug;
		};
		76F252CF1F30845A00D31A57 /* Release */ = {
			isa = XCBuildConfiguration;
			buildSettings = {
				ASSETCATALOG_COMPILER_APPICON_NAME = AppIcon;
				DEVELOPMENT_TEAM = VB3227H635;
				INFOPLIST_FILE = HellooooWorld/Info.plist;
				IPHONEOS_DEPLOYMENT_TARGET = 10.3;
				LD_RUNPATH_SEARCH_PATHS = "$(inherited) @executable_path/Frameworks";
				PRODUCT_BUNDLE_IDENTIFIER = GC.HellooooWorld;
				PRODUCT_NAME = "$(TARGET_NAME)";
				SWIFT_VERSION = 3.0;
				TARGETED_DEVICE_FAMILY = "1,2";
			};
			name = Release;
		};
		76F252D11F30845A00D31A57 /* Debug */ = {
			isa = XCBuildConfiguration;
			buildSettings = {
				ALWAYS_EMBED_SWIFT_STANDARD_LIBRARIES = YES;
				BUNDLE_LOADER = "$(TEST_HOST)";
				DEVELOPMENT_TEAM = VB3227H635;
				INFOPLIST_FILE = HellooooWorldTests/Info.plist;
				LD_RUNPATH_SEARCH_PATHS = "$(inherited) @executable_path/Frameworks @loader_path/Frameworks";
				PRODUCT_BUNDLE_IDENTIFIER = GC.HellooooWorldTests;
				PRODUCT_NAME = "$(TARGET_NAME)";
				SWIFT_VERSION = 3.0;
				TEST_HOST = "$(BUILT_PRODUCTS_DIR)/HellooooWorld.app/HellooooWorld";
			};
			name = Debug;
		};
		76F252D21F30845A00D31A57 /* Release */ = {
			isa = XCBuildConfiguration;
			buildSettings = {
				ALWAYS_EMBED_SWIFT_STANDARD_LIBRARIES = YES;
				BUNDLE_LOADER = "$(TEST_HOST)";
				DEVELOPMENT_TEAM = VB3227H635;
				INFOPLIST_FILE = HellooooWorldTests/Info.plist;
				LD_RUNPATH_SEARCH_PATHS = "$(inherited) @executable_path/Frameworks @loader_path/Frameworks";
				PRODUCT_BUNDLE_IDENTIFIER = GC.HellooooWorldTests;
				PRODUCT_NAME = "$(TARGET_NAME)";
				SWIFT_VERSION = 3.0;
				TEST_HOST = "$(BUILT_PRODUCTS_DIR)/HellooooWorld.app/HellooooWorld";
			};
			name = Release;
		};
		76F252D41F30845A00D31A57 /* Debug */ = {
			isa = XCBuildConfiguration;
			buildSettings = {
				ALWAYS_EMBED_SWIFT_STANDARD_LIBRARIES = YES;
				DEVELOPMENT_TEAM = VB3227H635;
				INFOPLIST_FILE = HellooooWorldUITests/Info.plist;
				LD_RUNPATH_SEARCH_PATHS = "$(inherited) @executable_path/Frameworks @loader_path/Frameworks";
				PRODUCT_BUNDLE_IDENTIFIER = GC.HellooooWorldUITests;
				PRODUCT_NAME = "$(TARGET_NAME)";
				SWIFT_VERSION = 3.0;
				TEST_TARGET_NAME = HellooooWorld;
			};
			name = Debug;
		};
		76F252D51F30845A00D31A57 /* Release */ = {
			isa = XCBuildConfiguration;
			buildSettings = {
				ALWAYS_EMBED_SWIFT_STANDARD_LIBRARIES = YES;
				DEVELOPMENT_TEAM = VB3227H635;
				INFOPLIST_FILE = HellooooWorldUITests/Info.plist;
				LD_RUNPATH_SEARCH_PATHS = "$(inherited) @executable_path/Frameworks @loader_path/Frameworks";
				PRODUCT_BUNDLE_IDENTIFIER = GC.HellooooWorldUITests;
				PRODUCT_NAME = "$(TARGET_NAME)";
				SWIFT_VERSION = 3.0;
				TEST_TARGET_NAME = HellooooWorld;
			};
			name = Release;
		};
/* End XCBuildConfiguration section */

/* Begin XCConfigurationList section */
		76F2529D1F30845900D31A57 /* Build configuration list for PBXProject "HellooooWorld" */ = {
			isa = XCConfigurationList;
			buildConfigurations = (
				76F252CB1F30845A00D31A57 /* Debug */,
				76F252CC1F30845A00D31A57 /* Release */,
			);
			defaultConfigurationIsVisible = 0;
			defaultConfigurationName = Release;
		};
		76F252CD1F30845A00D31A57 /* Build configuration list for PBXNativeTarget "HellooooWorld" */ = {
			isa = XCConfigurationList;
			buildConfigurations = (
				76F252CE1F30845A00D31A57 /* Debug */,
				76F252CF1F30845A00D31A57 /* Release */,
			);
			defaultConfigurationIsVisible = 0;
		};
		76F252D01F30845A00D31A57 /* Build configuration list for PBXNativeTarget "HellooooWorldTests" */ = {
			isa = XCConfigurationList;
			buildConfigurations = (
				76F252D11F30845A00D31A57 /* Debug */,
				76F252D21F30845A00D31A57 /* Release */,
			);
			defaultConfigurationIsVisible = 0;
		};
		76F252D31F30845A00D31A57 /* Build configuration list for PBXNativeTarget "HellooooWorldUITests" */ = {
			isa = XCConfigurationList;
			buildConfigurations = (
				76F252D41F30845A00D31A57 /* Debug */,
				76F252D51F30845A00D31A57 /* Release */,
			);
			defaultConfigurationIsVisible = 0;
		};
/* End XCConfigurationList section */

/* Begin XCVersionGroup section */
		76F252AC1F30845900D31A57 /* HellooooWorld.xcdatamodeld */ = {
			isa = XCVersionGroup;
			children = (
				76F252AD1F30845900D31A57 /* HellooooWorld.xcdatamodel */,
			);
			currentVersion = 76F252AD1F30845900D31A57 /* HellooooWorld.xcdatamodel */;
			path = HellooooWorld.xcdatamodeld;
			sourceTree = "<group>";
			versionGroupType = wrapper.xcdatamodel;
		};
/* End XCVersionGroup section */
	};
	rootObject = 76F2529A1F30845900D31A57 /* Project object */;
}
